
Microsoft Visual Studio Solution File, Format Version 12.00
# Visual Studio Version 17
VisualStudioVersion = 17.12.35527.113 d17.12
MinimumVisualStudioVersion = 10.0.40219.1
Project("{FAE04EC0-301F-11D3-BF4B-00C04F79EFBC}") = "AuthenticationAPI.Domain", "AuthenticationAPI.Domain\AuthenticationAPI.Domain.csproj", "{D98E90D7-A944-4011-B889-1ED367B4CB7C}"
EndProject
Project("{FAE04EC0-301F-11D3-BF4B-00C04F79EFBC}") = "AuthenticationAPI.Application", "AuthenticationAPI.Application\AuthenticationAPI.Application.csproj", "{9DB61B30-DC76-4DA6-A8E9-5B5C455F9733}"
EndProject
Project("{FAE04EC0-301F-11D3-BF4B-00C04F79EFBC}") = "AuthenticationAPI.Infrastructure", "AuthenticationAPI.Infrastructure\AuthenticationAPI.Infrastructure.csproj", "{6B721377-E098-4C65-BDC8-79B770BBA2C9}"
EndProject
Project("{FAE04EC0-301F-11D3-BF4B-00C04F79EFBC}") = "AuthenticationAPI.Presentation", "AuthenticationAPI.Presentation\AuthenticationAPI.Presentation.csproj", "{898CDF7A-34F7-45DD-8B25-E3DFF933A952}"
EndProject
Project("{FAE04EC0-301F-11D3-BF4B-00C04F79EFBC}") = "eCommerce.SharedLibrary", "..\DemoE-Commerce.SharedLibrarySolution\eCommerce.SharedLibrary\eCommerce.SharedLibrary.csproj", "{17369741-FD40-4BC5-BE64-1F39B099E6D3}"
EndProject
Global
	GlobalSection(SolutionConfigurationPlatforms) = preSolution
		Debug|Any CPU = Debug|Any CPU
		Release|Any CPU = Release|Any CPU
	EndGlobalSection
	GlobalSection(ProjectConfigurationPlatforms) = postSolution
		{D98E90D7-A944-4011-B889-1ED367B4CB7C}.Debug|Any CPU.ActiveCfg = Debug|Any CPU
		{D98E90D7-A944-4011-B889-1ED367B4CB7C}.Debug|Any CPU.Build.0 = Debug|Any CPU
		{D98E90D7-A944-4011-B889-1ED367B4CB7C}.Release|Any CPU.ActiveCfg = Release|Any CPU
		{D98E90D7-A944-4011-B889-1ED367B4CB7C}.Release|Any CPU.Build.0 = Release|Any CPU
		{9DB61B30-DC76-4DA6-A8E9-5B5C455F9733}.Debug|Any CPU.ActiveCfg = Debug|Any CPU
		{9DB61B30-DC76-4DA6-A8E9-5B5C455F9733}.Debug|Any CPU.Build.0 = Debug|Any CPU
		{9DB61B30-DC76-4DA6-A8E9-5B5C455F9733}.Release|Any CPU.ActiveCfg = Release|Any CPU
		{9DB61B30-DC76-4DA6-A8E9-5B5C455F9733}.Release|Any CPU.Build.0 = Release|Any CPU
		{6B721377-E098-4C65-BDC8-79B770BBA2C9}.Debug|Any CPU.ActiveCfg = Debug|Any CPU
		{6B721377-E098-4C65-BDC8-79B770BBA2C9}.Debug|Any CPU.Build.0 = Debug|Any CPU
		{6B721377-E098-4C65-BDC8-79B770BBA2C9}.Release|Any CPU.ActiveCfg = Release|Any CPU
		{6B721377-E098-4C65-BDC8-79B770BBA2C9}.Release|Any CPU.Build.0 = Release|Any CPU
		{898CDF7A-34F7-45DD-8B25-E3DFF933A952}.Debug|Any CPU.ActiveCfg = Debug|Any CPU
		{898CDF7A-34F7-45DD-8B25-E3DFF933A952}.Debug|Any CPU.Build.0 = Debug|Any CPU
		{898CDF7A-34F7-45DD-8B25-E3DFF933A952}.Release|Any CPU.ActiveCfg = Release|Any CPU
		{898CDF7A-34F7-45DD-8B25-E3DFF933A952}.Release|Any CPU.Build.0 = Release|Any CPU
		{17369741-FD40-4BC5-BE64-1F39B099E6D3}.Debug|Any CPU.ActiveCfg = Debug|Any CPU
		{17369741-FD40-4BC5-BE64-1F39B099E6D3}.Debug|Any CPU.Build.0 = Debug|Any CPU
		{17369741-FD40-4BC5-BE64-1F39B099E6D3}.Release|Any CPU.ActiveCfg = Release|Any CPU
		{17369741-FD40-4BC5-BE64-1F39B099E6D3}.Release|Any CPU.Build.0 = Release|Any CPU
	EndGlobalSection
	GlobalSection(SolutionProperties) = preSolution
		HideSolutionNode = FALSE
	EndGlobalSection
EndGlobal
