
Microsoft Visual Studio Solution File, Format Version 12.00
# Visual Studio Version 17
VisualStudioVersion = 17.12.35527.113 d17.12
MinimumVisualStudioVersion = 10.0.40219.1
Project("{FAE04EC0-301F-11D3-BF4B-00C04F79EFBC}") = "DemoWebSocket", "DemoWebSocket\DemoWebSocket.csproj", "{40EFBA36-1920-4B67-A1A8-3CDAAD7CEB92}"
EndProject
Project("{FAE04EC0-301F-11D3-BF4B-00C04F79EFBC}") = "eCommerce.SharedLibrary", "..\DemoE-Commerce.SharedLibrarySolution\eCommerce.SharedLibrary\eCommerce.SharedLibrary.csproj", "{3165B522-2CE7-4C74-BF29-9A8C7A643D50}"
EndProject
Global
	GlobalSection(SolutionConfigurationPlatforms) = preSolution
		Debug|Any CPU = Debug|Any CPU
		Release|Any CPU = Release|Any CPU
	EndGlobalSection
	GlobalSection(ProjectConfigurationPlatforms) = postSolution
		{40EFBA36-1920-4B67-A1A8-3CDAAD7CEB92}.Debug|Any CPU.ActiveCfg = Debug|Any CPU
		{40EFBA36-1920-4B67-A1A8-3CDAAD7CEB92}.Debug|Any CPU.Build.0 = Debug|Any CPU
		{40EFBA36-1920-4B67-A1A8-3CDAAD7CEB92}.Release|Any CPU.ActiveCfg = Release|Any CPU
		{40EFBA36-1920-4B67-A1A8-3CDAAD7CEB92}.Release|Any CPU.Build.0 = Release|Any CPU
		{3165B522-2CE7-4C74-BF29-9A8C7A643D50}.Debug|Any CPU.ActiveCfg = Debug|Any CPU
		{3165B522-2CE7-4C74-BF29-9A8C7A643D50}.Debug|Any CPU.Build.0 = Debug|Any CPU
		{3165B522-2CE7-4C74-BF29-9A8C7A643D50}.Release|Any CPU.ActiveCfg = Release|Any CPU
		{3165B522-2CE7-4C74-BF29-9A8C7A643D50}.Release|Any CPU.Build.0 = Release|Any CPU
	EndGlobalSection
	GlobalSection(SolutionProperties) = preSolution
		HideSolutionNode = FALSE
	EndGlobalSection
EndGlobal
